
Microsoft Visual Studio Solution File, Format Version 12.00
# Visual Studio Version 17
VisualStudioVersion = 17.6.33815.320
MinimumVisualStudioVersion = 10.0.40219.1
Project("{FAE04EC0-301F-11D3-BF4B-00C04F79EFBC}") = "Lab_04_ExeptionHandling", "Lab_04_ExeotionHandling\Lab_04_ExeptionHandling.csproj", "{F99607AB-D7DE-48C0-9172-700433D5D9FB}"
EndProject
Global
	GlobalSection(SolutionConfigurationPlatforms) = preSolution
		Debug|Any CPU = Debug|Any CPU
		Release|Any CPU = Release|Any CPU
	EndGlobalSection
	GlobalSection(ProjectConfigurationPlatforms) = postSolution
		{F99607AB-D7DE-48C0-9172-700433D5D9FB}.Debug|Any CPU.ActiveCfg = Debug|Any CPU
		{F99607AB-D7DE-48C0-9172-700433D5D9FB}.Debug|Any CPU.Build.0 = Debug|Any CPU
		{F99607AB-D7DE-48C0-9172-700433D5D9FB}.Release|Any CPU.ActiveCfg = Release|Any CPU
		{F99607AB-D7DE-48C0-9172-700433D5D9FB}.Release|Any CPU.Build.0 = Release|Any CPU
	EndGlobalSection
	GlobalSection(SolutionProperties) = preSolution
		HideSolutionNode = FALSE
	EndGlobalSection
	GlobalSection(ExtensibilityGlobals) = postSolution
		SolutionGuid = {95860A82-8FA4-4879-95C8-F8C56E1CAC73}
	EndGlobalSection
EndGlobal
