
Microsoft Visual Studio Solution File, Format Version 12.00
# Visual Studio Version 17
VisualStudioVersion = 17.6.33815.320
MinimumVisualStudioVersion = 10.0.40219.1
Project("{FAE04EC0-301F-11D3-BF4B-00C04F79EFBC}") = "MyFirstApplication", "MyFirstApplication\MyFirstApplication.csproj", "{45522891-C37B-487A-B490-03A78B2F8FDB}"
EndProject
Global
	GlobalSection(SolutionConfigurationPlatforms) = preSolution
		Debug|Any CPU = Debug|Any CPU
		Release|Any CPU = Release|Any CPU
	EndGlobalSection
	GlobalSection(ProjectConfigurationPlatforms) = postSolution
		{45522891-C37B-487A-B490-03A78B2F8FDB}.Debug|Any CPU.ActiveCfg = Debug|Any CPU
		{45522891-C37B-487A-B490-03A78B2F8FDB}.Debug|Any CPU.Build.0 = Debug|Any CPU
		{45522891-C37B-487A-B490-03A78B2F8FDB}.Release|Any CPU.ActiveCfg = Release|Any CPU
		{45522891-C37B-487A-B490-03A78B2F8FDB}.Release|Any CPU.Build.0 = Release|Any CPU
	EndGlobalSection
	GlobalSection(SolutionProperties) = preSolution
		HideSolutionNode = FALSE
	EndGlobalSection
	GlobalSection(ExtensibilityGlobals) = postSolution
		SolutionGuid = {8D8BE48F-4420-4362-8B3F-CE27B88DA578}
	EndGlobalSection
EndGlobal
