
Microsoft Visual Studio Solution File, Format Version 12.00
# Visual Studio Version 17
VisualStudioVersion = 17.6.33815.320
MinimumVisualStudioVersion = 10.0.40219.1
Project("{FAE04EC0-301F-11D3-BF4B-00C04F79EFBC}") = "Programs01", "Programs01\Programs01.csproj", "{1EDB785A-A269-4B01-AC18-12197404E5F9}"
EndProject
Global
	GlobalSection(SolutionConfigurationPlatforms) = preSolution
		Debug|Any CPU = Debug|Any CPU
		Release|Any CPU = Release|Any CPU
	EndGlobalSection
	GlobalSection(ProjectConfigurationPlatforms) = postSolution
		{1EDB785A-A269-4B01-AC18-12197404E5F9}.Debug|Any CPU.ActiveCfg = Debug|Any CPU
		{1EDB785A-A269-4B01-AC18-12197404E5F9}.Debug|Any CPU.Build.0 = Debug|Any CPU
		{1EDB785A-A269-4B01-AC18-12197404E5F9}.Release|Any CPU.ActiveCfg = Release|Any CPU
		{1EDB785A-A269-4B01-AC18-12197404E5F9}.Release|Any CPU.Build.0 = Release|Any CPU
	EndGlobalSection
	GlobalSection(SolutionProperties) = preSolution
		HideSolutionNode = FALSE
	EndGlobalSection
	GlobalSection(ExtensibilityGlobals) = postSolution
		SolutionGuid = {F5D21CE2-5B3D-436B-A0FF-B73A254F1C47}
	EndGlobalSection
EndGlobal
